
Microsoft Visual Studio Solution File, Format Version 12.00
# Visual Studio 15
VisualStudioVersion = 15.0.26228.9
MinimumVisualStudioVersion = 10.0.40219.1
Project("{FAE04EC0-301F-11D3-BF4B-00C04F79EFBC}") = "Hemma.Web", "Hemma.Web\Hemma.Web.csproj", "{74447118-7209-4962-8867-404129D28988}"
EndProject
Project("{FAE04EC0-301F-11D3-BF4B-00C04F79EFBC}") = "Hemma.NibeScreenScraper", "Hemma.NibeScreenScraper\Hemma.NibeScreenScraper.csproj", "{E00B96B7-4AD5-4F6F-ABF9-30482182AD97}"
EndProject
Project("{FAE04EC0-301F-11D3-BF4B-00C04F79EFBC}") = "Hemma.Entities", "Hemma.Entities\Hemma.Entities.csproj", "{3AA79FF6-C6A5-4E54-A39C-65C45BB8F750}"
EndProject
Project("{FAE04EC0-301F-11D3-BF4B-00C04F79EFBC}") = "Hemma.RothLogger", "Hemma.RothLogger\Hemma.RothLogger.csproj", "{B30D6AC9-B480-462C-8100-D2E88843D8F3}"
EndProject
Project("{FAE04EC0-301F-11D3-BF4B-00C04F79EFBC}") = "KNXLib", "..\knx.net\src\KNXLib\KNXLib.csproj", "{CD1911AD-1967-40CB-A1C3-EC2FA562872B}"
EndProject
Project("{FAE04EC0-301F-11D3-BF4B-00C04F79EFBC}") = "KnxMonitorService", "KnxMonitorService\KnxMonitorService.csproj", "{6982B7B4-2A1E-4DED-A3CC-0DCC55751796}"
EndProject
Global
	GlobalSection(SolutionConfigurationPlatforms) = preSolution
		Debug|Any CPU = Debug|Any CPU
		Release|Any CPU = Release|Any CPU
	EndGlobalSection
	GlobalSection(ProjectConfigurationPlatforms) = postSolution
		{74447118-7209-4962-8867-404129D28988}.Debug|Any CPU.ActiveCfg = Debug|Any CPU
		{74447118-7209-4962-8867-404129D28988}.Debug|Any CPU.Build.0 = Debug|Any CPU
		{74447118-7209-4962-8867-404129D28988}.Release|Any CPU.ActiveCfg = Release|Any CPU
		{74447118-7209-4962-8867-404129D28988}.Release|Any CPU.Build.0 = Release|Any CPU
		{E00B96B7-4AD5-4F6F-ABF9-30482182AD97}.Debug|Any CPU.ActiveCfg = Debug|Any CPU
		{E00B96B7-4AD5-4F6F-ABF9-30482182AD97}.Debug|Any CPU.Build.0 = Debug|Any CPU
		{E00B96B7-4AD5-4F6F-ABF9-30482182AD97}.Release|Any CPU.ActiveCfg = Release|Any CPU
		{E00B96B7-4AD5-4F6F-ABF9-30482182AD97}.Release|Any CPU.Build.0 = Release|Any CPU
		{3AA79FF6-C6A5-4E54-A39C-65C45BB8F750}.Debug|Any CPU.ActiveCfg = Debug|Any CPU
		{3AA79FF6-C6A5-4E54-A39C-65C45BB8F750}.Debug|Any CPU.Build.0 = Debug|Any CPU
		{3AA79FF6-C6A5-4E54-A39C-65C45BB8F750}.Release|Any CPU.ActiveCfg = Release|Any CPU
		{3AA79FF6-C6A5-4E54-A39C-65C45BB8F750}.Release|Any CPU.Build.0 = Release|Any CPU
		{B30D6AC9-B480-462C-8100-D2E88843D8F3}.Debug|Any CPU.ActiveCfg = Debug|Any CPU
		{B30D6AC9-B480-462C-8100-D2E88843D8F3}.Debug|Any CPU.Build.0 = Debug|Any CPU
		{B30D6AC9-B480-462C-8100-D2E88843D8F3}.Release|Any CPU.ActiveCfg = Release|Any CPU
		{B30D6AC9-B480-462C-8100-D2E88843D8F3}.Release|Any CPU.Build.0 = Release|Any CPU
		{CD1911AD-1967-40CB-A1C3-EC2FA562872B}.Debug|Any CPU.ActiveCfg = Debug|Any CPU
		{CD1911AD-1967-40CB-A1C3-EC2FA562872B}.Debug|Any CPU.Build.0 = Debug|Any CPU
		{CD1911AD-1967-40CB-A1C3-EC2FA562872B}.Release|Any CPU.ActiveCfg = Release|Any CPU
		{CD1911AD-1967-40CB-A1C3-EC2FA562872B}.Release|Any CPU.Build.0 = Release|Any CPU
		{6982B7B4-2A1E-4DED-A3CC-0DCC55751796}.Debug|Any CPU.ActiveCfg = Debug|Any CPU
		{6982B7B4-2A1E-4DED-A3CC-0DCC55751796}.Debug|Any CPU.Build.0 = Debug|Any CPU
		{6982B7B4-2A1E-4DED-A3CC-0DCC55751796}.Release|Any CPU.ActiveCfg = Release|Any CPU
		{6982B7B4-2A1E-4DED-A3CC-0DCC55751796}.Release|Any CPU.Build.0 = Release|Any CPU
	EndGlobalSection
	GlobalSection(SolutionProperties) = preSolution
		HideSolutionNode = FALSE
	EndGlobalSection
EndGlobal
